
Microsoft Visual Studio Solution File, Format Version 12.00
# Visual Studio Version 17
VisualStudioVersion = 17.0.31903.59
MinimumVisualStudioVersion = 10.0.40219.1
Project("{FAE04EC0-301F-11D3-BF4B-00C04F79EFBC}") = "Fundo.Applications.WebApi", "Fundo.Applications.WebApi\Fundo.Applications.WebApi.csproj", "{74E9501B-3D70-4E87-8D1D-874F54DBF3F7}"
EndProject
Project("{FAE04EC0-301F-11D3-BF4B-00C04F79EFBC}") = "Fundo.Services.Tests", "Fundo.Services.Tests\Fundo.Services.Tests.csproj", "{2AF827DF-3DE1-4317-8B8E-C0CEED845186}"
EndProject
Project("{FAE04EC0-301F-11D3-BF4B-00C04F79EFBC}") = "Loans.BackendInfrastructure", "Loans.BackendInfrastructure\Loans.BackendInfrastructure.csproj", "{01CA3C48-6149-9E8A-4AEF-BAE36FB1D35E}"
EndProject
Project("{FAE04EC0-301F-11D3-BF4B-00C04F79EFBC}") = "Loans.Cross", "Loans.Cross\Loans.Cross.csproj", "{B80B0C3C-A452-3FAB-DB3A-DA86004BE1D8}"
EndProject
Project("{FAE04EC0-301F-11D3-BF4B-00C04F79EFBC}") = "Loans.Domain", "Loans.Domain\Loans.Domain.csproj", "{1419EF7E-7DB6-A97D-4C7D-293746544FBE}"
EndProject
Global
	GlobalSection(SolutionConfigurationPlatforms) = preSolution
		Debug|Any CPU = Debug|Any CPU
		Release|Any CPU = Release|Any CPU
	EndGlobalSection
	GlobalSection(ProjectConfigurationPlatforms) = postSolution
		{74E9501B-3D70-4E87-8D1D-874F54DBF3F7}.Debug|Any CPU.ActiveCfg = Debug|Any CPU
		{74E9501B-3D70-4E87-8D1D-874F54DBF3F7}.Debug|Any CPU.Build.0 = Debug|Any CPU
		{74E9501B-3D70-4E87-8D1D-874F54DBF3F7}.Release|Any CPU.ActiveCfg = Release|Any CPU
		{74E9501B-3D70-4E87-8D1D-874F54DBF3F7}.Release|Any CPU.Build.0 = Release|Any CPU
		{2AF827DF-3DE1-4317-8B8E-C0CEED845186}.Debug|Any CPU.ActiveCfg = Debug|Any CPU
		{2AF827DF-3DE1-4317-8B8E-C0CEED845186}.Debug|Any CPU.Build.0 = Debug|Any CPU
		{2AF827DF-3DE1-4317-8B8E-C0CEED845186}.Release|Any CPU.ActiveCfg = Release|Any CPU
		{2AF827DF-3DE1-4317-8B8E-C0CEED845186}.Release|Any CPU.Build.0 = Release|Any CPU
		{01CA3C48-6149-9E8A-4AEF-BAE36FB1D35E}.Debug|Any CPU.ActiveCfg = Debug|Any CPU
		{01CA3C48-6149-9E8A-4AEF-BAE36FB1D35E}.Debug|Any CPU.Build.0 = Debug|Any CPU
		{01CA3C48-6149-9E8A-4AEF-BAE36FB1D35E}.Release|Any CPU.ActiveCfg = Release|Any CPU
		{01CA3C48-6149-9E8A-4AEF-BAE36FB1D35E}.Release|Any CPU.Build.0 = Release|Any CPU
		{B80B0C3C-A452-3FAB-DB3A-DA86004BE1D8}.Debug|Any CPU.ActiveCfg = Debug|Any CPU
		{B80B0C3C-A452-3FAB-DB3A-DA86004BE1D8}.Debug|Any CPU.Build.0 = Debug|Any CPU
		{B80B0C3C-A452-3FAB-DB3A-DA86004BE1D8}.Release|Any CPU.ActiveCfg = Release|Any CPU
		{B80B0C3C-A452-3FAB-DB3A-DA86004BE1D8}.Release|Any CPU.Build.0 = Release|Any CPU
		{1419EF7E-7DB6-A97D-4C7D-293746544FBE}.Debug|Any CPU.ActiveCfg = Debug|Any CPU
		{1419EF7E-7DB6-A97D-4C7D-293746544FBE}.Debug|Any CPU.Build.0 = Debug|Any CPU
		{1419EF7E-7DB6-A97D-4C7D-293746544FBE}.Release|Any CPU.ActiveCfg = Release|Any CPU
		{1419EF7E-7DB6-A97D-4C7D-293746544FBE}.Release|Any CPU.Build.0 = Release|Any CPU
	EndGlobalSection
	GlobalSection(SolutionProperties) = preSolution
		HideSolutionNode = FALSE
	EndGlobalSection
	GlobalSection(ExtensibilityGlobals) = postSolution
		SolutionGuid = {F431E349-C01E-4FAF-8807-36BA9BEC146D}
	EndGlobalSection
EndGlobal
